// !$*UTF8*$!
{
	archiveVersion = 1;
	classes = {
	};
	objectVersion = 50;
	objects = {

/* Begin PBXBuildFile section */
		382D4EE02351103300DD7BFB /* CompanyCell.swift in Sources */ = {isa = PBXBuildFile; fileRef = 382D4EDF2351103300DD7BFB /* CompanyCell.swift */; };
		382D4EE2235110B800DD7BFB /* CompaniesController+CreateCompanyDelegate.swift in Sources */ = {isa = PBXBuildFile; fileRef = 382D4EE1235110B800DD7BFB /* CompaniesController+CreateCompanyDelegate.swift */; };
		382D4EE4235110C500DD7BFB /* CompaniesController+TableView.swift in Sources */ = {isa = PBXBuildFile; fileRef = 382D4EE3235110C500DD7BFB /* CompaniesController+TableView.swift */; };
		382D4EE723511B7D00DD7BFB /* UIViewController+Helper.swift in Sources */ = {isa = PBXBuildFile; fileRef = 382D4EE623511B7D00DD7BFB /* UIViewController+Helper.swift */; };
		382D4EEA23511BB100DD7BFB /* EmployeesController.swift in Sources */ = {isa = PBXBuildFile; fileRef = 382D4EE823511BB100DD7BFB /* EmployeesController.swift */; };
		382D4EEB23511BB100DD7BFB /* CreateEmployeeController.swift in Sources */ = {isa = PBXBuildFile; fileRef = 382D4EE923511BB100DD7BFB /* CreateEmployeeController.swift */; };
		385A7828234FC8FA004A87E5 /* AppDelegate.swift in Sources */ = {isa = PBXBuildFile; fileRef = 385A7827234FC8FA004A87E5 /* AppDelegate.swift */; };
		385A782A234FC8FA004A87E5 /* CompaniesController.swift in Sources */ = {isa = PBXBuildFile; fileRef = 385A7829234FC8FA004A87E5 /* CompaniesController.swift */; };
		385A782D234FC8FA004A87E5 /* Main.storyboard in Resources */ = {isa = PBXBuildFile; fileRef = 385A782B234FC8FA004A87E5 /* Main.storyboard */; };
		385A782F234FC8FB004A87E5 /* Assets.xcassets in Resources */ = {isa = PBXBuildFile; fileRef = 385A782E234FC8FB004A87E5 /* Assets.xcassets */; };
		385A7832234FC8FB004A87E5 /* LaunchScreen.storyboard in Resources */ = {isa = PBXBuildFile; fileRef = 385A7830234FC8FB004A87E5 /* LaunchScreen.storyboard */; };
		385A7856234FD28B004A87E5 /* UIColor-theme.swift in Sources */ = {isa = PBXBuildFile; fileRef = 385A7855234FD28B004A87E5 /* UIColor-theme.swift */; };
		385A7858234FDB7C004A87E5 /* Company.swift in Sources */ = {isa = PBXBuildFile; fileRef = 385A7857234FDB7C004A87E5 /* Company.swift */; };
		385A785A234FDB91004A87E5 /* CreatCompanyController.swift in Sources */ = {isa = PBXBuildFile; fileRef = 385A7859234FDB91004A87E5 /* CreatCompanyController.swift */; };
		385A786023500225004A87E5 /* CoreDataPracticeModel.xcdatamodeld in Sources */ = {isa = PBXBuildFile; fileRef = 385A785E23500225004A87E5 /* CoreDataPracticeModel.xcdatamodeld */; };
		385A786223500280004A87E5 /* CoreDataManager.swift in Sources */ = {isa = PBXBuildFile; fileRef = 385A786123500280004A87E5 /* CoreDataManager.swift */; };
/* End PBXBuildFile section */

/* Begin PBXContainerItemProxy section */
		385A7839234FC8FB004A87E5 /* PBXContainerItemProxy */ = {
			isa = PBXContainerItemProxy;
			containerPortal = 385A781C234FC8FA004A87E5 /* Project object */;
			proxyType = 1;
			remoteGlobalIDString = 385A7823234FC8FA004A87E5;
			remoteInfo = CoreData;
		};
		385A7844234FC8FB004A87E5 /* PBXContainerItemProxy */ = {
			isa = PBXContainerItemProxy;
			containerPortal = 385A781C234FC8FA004A87E5 /* Project object */;
			proxyType = 1;
			remoteGlobalIDString = 385A7823234FC8FA004A87E5;
			remoteInfo = CoreData;
		};
/* End PBXContainerItemProxy section */

/* Begin PBXFileReference section */
		382D4EDF2351103300DD7BFB /* CompanyCell.swift */ = {isa = PBXFileReference; lastKnownFileType = sourcecode.swift; path = CompanyCell.swift; sourceTree = "<group>"; };
		382D4EE1235110B800DD7BFB /* CompaniesController+CreateCompanyDelegate.swift */ = {isa = PBXFileReference; lastKnownFileType = sourcecode.swift; path = "CompaniesController+CreateCompanyDelegate.swift"; sourceTree = "<group>"; };
		382D4EE3235110C500DD7BFB /* CompaniesController+TableView.swift */ = {isa = PBXFileReference; lastKnownFileType = sourcecode.swift; path = "CompaniesController+TableView.swift"; sourceTree = "<group>"; };
		382D4EE623511B7D00DD7BFB /* UIViewController+Helper.swift */ = {isa = PBXFileReference; lastKnownFileType = sourcecode.swift; path = "UIViewController+Helper.swift"; sourceTree = "<group>"; };
		382D4EE823511BB100DD7BFB /* EmployeesController.swift */ = {isa = PBXFileReference; fileEncoding = 4; lastKnownFileType = sourcecode.swift; path = EmployeesController.swift; sourceTree = "<group>"; };
		382D4EE923511BB100DD7BFB /* CreateEmployeeController.swift */ = {isa = PBXFileReference; fileEncoding = 4; lastKnownFileType = sourcecode.swift; path = CreateEmployeeController.swift; sourceTree = "<group>"; };
		385A7824234FC8FA004A87E5 /* CoreDataPractice.app */ = {isa = PBXFileReference; explicitFileType = wrapper.application; includeInIndex = 0; path = CoreDataPractice.app; sourceTree = BUILT_PRODUCTS_DIR; };
		385A7827234FC8FA004A87E5 /* AppDelegate.swift */ = {isa = PBXFileReference; lastKnownFileType = sourcecode.swift; path = AppDelegate.swift; sourceTree = "<group>"; };
		385A7829234FC8FA004A87E5 /* CompaniesController.swift */ = {isa = PBXFileReference; lastKnownFileType = sourcecode.swift; path = CompaniesController.swift; sourceTree = "<group>"; };
		385A782C234FC8FA004A87E5 /* Base */ = {isa = PBXFileReference; lastKnownFileType = file.storyboard; name = Base; path = Base.lproj/Main.storyboard; sourceTree = "<group>"; };
		385A782E234FC8FB004A87E5 /* Assets.xcassets */ = {isa = PBXFileReference; lastKnownFileType = folder.assetcatalog; path = Assets.xcassets; sourceTree = "<group>"; };
		385A7831234FC8FB004A87E5 /* Base */ = {isa = PBXFileReference; lastKnownFileType = file.storyboard; name = Base; path = Base.lproj/LaunchScreen.storyboard; sourceTree = "<group>"; };
		385A7833234FC8FB004A87E5 /* Info.plist */ = {isa = PBXFileReference; lastKnownFileType = text.plist.xml; path = Info.plist; sourceTree = "<group>"; };
		385A7838234FC8FB004A87E5 /* CoreDataPracticeTests.xctest */ = {isa = PBXFileReference; explicitFileType = wrapper.cfbundle; includeInIndex = 0; path = CoreDataPracticeTests.xctest; sourceTree = BUILT_PRODUCTS_DIR; };
		385A7843234FC8FB004A87E5 /* CoreDataPracticeUITests.xctest */ = {isa = PBXFileReference; explicitFileType = wrapper.cfbundle; includeInIndex = 0; path = CoreDataPracticeUITests.xctest; sourceTree = BUILT_PRODUCTS_DIR; };
		385A7855234FD28B004A87E5 /* UIColor-theme.swift */ = {isa = PBXFileReference; lastKnownFileType = sourcecode.swift; path = "UIColor-theme.swift"; sourceTree = "<group>"; };
		385A7857234FDB7C004A87E5 /* Company.swift */ = {isa = PBXFileReference; lastKnownFileType = sourcecode.swift; path = Company.swift; sourceTree = "<group>"; };
		385A7859234FDB91004A87E5 /* CreatCompanyController.swift */ = {isa = PBXFileReference; lastKnownFileType = sourcecode.swift; path = CreatCompanyController.swift; sourceTree = "<group>"; };
		385A785F23500225004A87E5 /* CoreDataPracticeModel.xcdatamodel */ = {isa = PBXFileReference; lastKnownFileType = wrapper.xcdatamodel; path = CoreDataPracticeModel.xcdatamodel; sourceTree = "<group>"; };
		385A786123500280004A87E5 /* CoreDataManager.swift */ = {isa = PBXFileReference; lastKnownFileType = sourcecode.swift; path = CoreDataManager.swift; sourceTree = "<group>"; };
/* End PBXFileReference section */

/* Begin PBXFrameworksBuildPhase section */
		385A7821234FC8FA004A87E5 /* Frameworks */ = {
			isa = PBXFrameworksBuildPhase;
			buildActionMask = 2147483647;
			files = (
			);
			runOnlyForDeploymentPostprocessing = 0;
		};
		385A7835234FC8FB004A87E5 /* Frameworks */ = {
			isa = PBXFrameworksBuildPhase;
			buildActionMask = 2147483647;
			files = (
			);
			runOnlyForDeploymentPostprocessing = 0;
		};
		385A7840234FC8FB004A87E5 /* Frameworks */ = {
			isa = PBXFrameworksBuildPhase;
			buildActionMask = 2147483647;
			files = (
			);
			runOnlyForDeploymentPostprocessing = 0;
		};
/* End PBXFrameworksBuildPhase section */

/* Begin PBXGroup section */
		382D4EDE2351101600DD7BFB /* Company */ = {
			isa = PBXGroup;
			children = (
				385A7829234FC8FA004A87E5 /* CompaniesController.swift */,
				382D4EDF2351103300DD7BFB /* CompanyCell.swift */,
				382D4EE1235110B800DD7BFB /* CompaniesController+CreateCompanyDelegate.swift */,
				382D4EE3235110C500DD7BFB /* CompaniesController+TableView.swift */,
				385A7859234FDB91004A87E5 /* CreatCompanyController.swift */,
				382D4EE923511BB100DD7BFB /* CreateEmployeeController.swift */,
				382D4EE823511BB100DD7BFB /* EmployeesController.swift */,
			);
			path = Company;
			sourceTree = "<group>";
		};
		382D4EE523511B6700DD7BFB /* Helper */ = {
			isa = PBXGroup;
			children = (
				382D4EE623511B7D00DD7BFB /* UIViewController+Helper.swift */,
			);
			path = Helper;
			sourceTree = "<group>";
		};
		385A781B234FC8FA004A87E5 = {
			isa = PBXGroup;
			children = (
				385A7826234FC8FA004A87E5 /* CoreDataPractice */,
				385A7825234FC8FA004A87E5 /* Products */,
			);
			sourceTree = "<group>";
		};
		385A7825234FC8FA004A87E5 /* Products */ = {
			isa = PBXGroup;
			children = (
				385A7824234FC8FA004A87E5 /* CoreDataPractice.app */,
				385A7838234FC8FB004A87E5 /* CoreDataPracticeTests.xctest */,
				385A7843234FC8FB004A87E5 /* CoreDataPracticeUITests.xctest */,
			);
			name = Products;
			sourceTree = "<group>";
		};
		385A7826234FC8FA004A87E5 /* CoreDataPractice */ = {
			isa = PBXGroup;
			children = (
				382D4EE523511B6700DD7BFB /* Helper */,
				382D4EDE2351101600DD7BFB /* Company */,
				385A7827234FC8FA004A87E5 /* AppDelegate.swift */,
				385A7855234FD28B004A87E5 /* UIColor-theme.swift */,
				385A7857234FDB7C004A87E5 /* Company.swift */,
				385A786123500280004A87E5 /* CoreDataManager.swift */,
				385A785E23500225004A87E5 /* CoreDataPracticeModel.xcdatamodeld */,
				385A782B234FC8FA004A87E5 /* Main.storyboard */,
				385A782E234FC8FB004A87E5 /* Assets.xcassets */,
				385A7830234FC8FB004A87E5 /* LaunchScreen.storyboard */,
				385A7833234FC8FB004A87E5 /* Info.plist */,
			);
			path = CoreDataPractice;
			sourceTree = "<group>";
		};
/* End PBXGroup section */

/* Begin PBXNativeTarget section */
		385A7823234FC8FA004A87E5 /* CoreDataPractice */ = {
			isa = PBXNativeTarget;
			buildConfigurationList = 385A784C234FC8FB004A87E5 /* Build configuration list for PBXNativeTarget "CoreDataPractice" */;
			buildPhases = (
				385A7820234FC8FA004A87E5 /* Sources */,
				385A7821234FC8FA004A87E5 /* Frameworks */,
				385A7822234FC8FA004A87E5 /* Resources */,
			);
			buildRules = (
			);
			dependencies = (
			);
			name = CoreDataPractice;
			productName = CoreData;
			productReference = 385A7824234FC8FA004A87E5 /* CoreDataPractice.app */;
			productType = "com.apple.product-type.application";
		};
		385A7837234FC8FB004A87E5 /* CoreDataPracticeTests */ = {
			isa = PBXNativeTarget;
			buildConfigurationList = 385A784F234FC8FB004A87E5 /* Build configuration list for PBXNativeTarget "CoreDataPracticeTests" */;
			buildPhases = (
				385A7834234FC8FB004A87E5 /* Sources */,
				385A7835234FC8FB004A87E5 /* Frameworks */,
				385A7836234FC8FB004A87E5 /* Resources */,
			);
			buildRules = (
			);
			dependencies = (
				385A783A234FC8FB004A87E5 /* PBXTargetDependency */,
			);
			name = CoreDataPracticeTests;
			productName = CoreDataTests;
			productReference = 385A7838234FC8FB004A87E5 /* CoreDataPracticeTests.xctest */;
			productType = "com.apple.product-type.bundle.unit-test";
		};
		385A7842234FC8FB004A87E5 /* CoreDataPracticeUITests */ = {
			isa = PBXNativeTarget;
			buildConfigurationList = 385A7852234FC8FB004A87E5 /* Build configuration list for PBXNativeTarget "CoreDataPracticeUITests" */;
			buildPhases = (
				385A783F234FC8FB004A87E5 /* Sources */,
				385A7840234FC8FB004A87E5 /* Frameworks */,
				385A7841234FC8FB004A87E5 /* Resources */,
			);
			buildRules = (
			);
			dependencies = (
				385A7845234FC8FB004A87E5 /* PBXTargetDependency */,
			);
			name = CoreDataPracticeUITests;
			productName = CoreDataUITests;
			productReference = 385A7843234FC8FB004A87E5 /* CoreDataPracticeUITests.xctest */;
			productType = "com.apple.product-type.bundle.ui-testing";
		};
/* End PBXNativeTarget section */

/* Begin PBXProject section */
		385A781C234FC8FA004A87E5 /* Project object */ = {
			isa = PBXProject;
			attributes = {
				LastSwiftUpdateCheck = 1010;
				LastUpgradeCheck = 1010;
				ORGANIZATIONNAME = zijia;
				TargetAttributes = {
					385A7823234FC8FA004A87E5 = {
						CreatedOnToolsVersion = 10.1;
					};
					385A7837234FC8FB004A87E5 = {
						CreatedOnToolsVersion = 10.1;
						TestTargetID = 385A7823234FC8FA004A87E5;
					};
					385A7842234FC8FB004A87E5 = {
						CreatedOnToolsVersion = 10.1;
						TestTargetID = 385A7823234FC8FA004A87E5;
					};
				};
			};
			buildConfigurationList = 385A781F234FC8FA004A87E5 /* Build configuration list for PBXProject "CoreDataPractice" */;
			compatibilityVersion = "Xcode 9.3";
			developmentRegion = en;
			hasScannedForEncodings = 0;
			knownRegions = (
				en,
				Base,
			);
			mainGroup = 385A781B234FC8FA004A87E5;
			productRefGroup = 385A7825234FC8FA004A87E5 /* Products */;
			projectDirPath = "";
			projectRoot = "";
			targets = (
				385A7823234FC8FA004A87E5 /* CoreDataPractice */,
				385A7837234FC8FB004A87E5 /* CoreDataPracticeTests */,
				385A7842234FC8FB004A87E5 /* CoreDataPracticeUITests */,
			);
		};
/* End PBXProject section */

/* Begin PBXResourcesBuildPhase section */
		385A7822234FC8FA004A87E5 /* Resources */ = {
			isa = PBXResourcesBuildPhase;
			buildActionMask = 2147483647;
			files = (
				385A7832234FC8FB004A87E5 /* LaunchScreen.storyboard in Resources */,
				385A782F234FC8FB004A87E5 /* Assets.xcassets in Resources */,
				385A782D234FC8FA004A87E5 /* Main.storyboard in Resources */,
			);
			runOnlyForDeploymentPostprocessing = 0;
		};
		385A7836234FC8FB004A87E5 /* Resources */ = {
			isa = PBXResourcesBuildPhase;
			buildActionMask = 2147483647;
			files = (
			);
			runOnlyForDeploymentPostprocessing = 0;
		};
		385A7841234FC8FB004A87E5 /* Resources */ = {
			isa = PBXResourcesBuildPhase;
			buildActionMask = 2147483647;
			files = (
			);
			runOnlyForDeploymentPostprocessing = 0;
		};
/* End PBXResourcesBuildPhase section */

/* Begin PBXSourcesBuildPhase section */
		385A7820234FC8FA004A87E5 /* Sources */ = {
			isa = PBXSourcesBuildPhase;
			buildActionMask = 2147483647;
			files = (
				382D4EE723511B7D00DD7BFB /* UIViewController+Helper.swift in Sources */,
				385A782A234FC8FA004A87E5 /* CompaniesController.swift in Sources */,
				385A785A234FDB91004A87E5 /* CreatCompanyController.swift in Sources */,
				385A7856234FD28B004A87E5 /* UIColor-theme.swift in Sources */,
				382D4EE2235110B800DD7BFB /* CompaniesController+CreateCompanyDelegate.swift in Sources */,
				382D4EE02351103300DD7BFB /* CompanyCell.swift in Sources */,
				385A786023500225004A87E5 /* CoreDataPracticeModel.xcdatamodeld in Sources */,
				382D4EEB23511BB100DD7BFB /* CreateEmployeeController.swift in Sources */,
				382D4EEA23511BB100DD7BFB /* EmployeesController.swift in Sources */,
				385A7828234FC8FA004A87E5 /* AppDelegate.swift in Sources */,
				382D4EE4235110C500DD7BFB /* CompaniesController+TableView.swift in Sources */,
				385A786223500280004A87E5 /* CoreDataManager.swift in Sources */,
				385A7858234FDB7C004A87E5 /* Company.swift in Sources */,
			);
			runOnlyForDeploymentPostprocessing = 0;
		};
		385A7834234FC8FB004A87E5 /* Sources */ = {
			isa = PBXSourcesBuildPhase;
			buildActionMask = 2147483647;
			files = (
			);
			runOnlyForDeploymentPostprocessing = 0;
		};
		385A783F234FC8FB004A87E5 /* Sources */ = {
			isa = PBXSourcesBuildPhase;
			buildActionMask = 2147483647;
			files = (
			);
			runOnlyForDeploymentPostprocessing = 0;
		};
/* End PBXSourcesBuildPhase section */

/* Begin PBXTargetDependency section */
		385A783A234FC8FB004A87E5 /* PBXTargetDependency */ = {
			isa = PBXTargetDependency;
			target = 385A7823234FC8FA004A87E5 /* CoreDataPractice */;
			targetProxy = 385A7839234FC8FB004A87E5 /* PBXContainerItemProxy */;
		};
		385A7845234FC8FB004A87E5 /* PBXTargetDependency */ = {
			isa = PBXTargetDependency;
			target = 385A7823234FC8FA004A87E5 /* CoreDataPractice */;
			targetProxy = 385A7844234FC8FB004A87E5 /* PBXContainerItemProxy */;
		};
/* End PBXTargetDependency section */

/* Begin PBXVariantGroup section */
		385A782B234FC8FA004A87E5 /* Main.storyboard */ = {
			isa = PBXVariantGroup;
			children = (
				385A782C234FC8FA004A87E5 /* Base */,
			);
			name = Main.storyboard;
			sourceTree = "<group>";
		};
		385A7830234FC8FB004A87E5 /* LaunchScreen.storyboard */ = {
			isa = PBXVariantGroup;
			children = (
				385A7831234FC8FB004A87E5 /* Base */,
			);
			name = LaunchScreen.storyboard;
			sourceTree = "<group>";
		};
/* End PBXVariantGroup section */

/* Begin XCBuildConfiguration section */
		385A784A234FC8FB004A87E5 /* Debug */ = {
			isa = XCBuildConfiguration;
			buildSettings = {
				ALWAYS_SEARCH_USER_PATHS = NO;
				CLANG_ANALYZER_NONNULL = YES;
				CLANG_ANALYZER_NUMBER_OBJECT_CONVERSION = YES_AGGRESSIVE;
				CLANG_CXX_LANGUAGE_STANDARD = "gnu++14";
				CLANG_CXX_LIBRARY = "libc++";
				CLANG_ENABLE_MODULES = YES;
				CLANG_ENABLE_OBJC_ARC = YES;
				CLANG_ENABLE_OBJC_WEAK = YES;
				CLANG_WARN_BLOCK_CAPTURE_AUTORELEASING = YES;
				CLANG_WARN_BOOL_CONVERSION = YES;
				CLANG_WARN_COMMA = YES;
				CLANG_WARN_CONSTANT_CONVERSION = YES;
				CLANG_WARN_DEPRECATED_OBJC_IMPLEMENTATIONS = YES;
				CLANG_WARN_DIRECT_OBJC_ISA_USAGE = YES_ERROR;
				CLANG_WARN_DOCUMENTATION_COMMENTS = YES;
				CLANG_WARN_EMPTY_BODY = YES;
				CLANG_WARN_ENUM_CONVERSION = YES;
				CLANG_WARN_INFINITE_RECURSION = YES;
				CLANG_WARN_INT_CONVERSION = YES;
				CLANG_WARN_NON_LITERAL_NULL_CONVERSION = YES;
				CLANG_WARN_OBJC_IMPLICIT_RETAIN_SELF = YES;
				CLANG_WARN_OBJC_LITERAL_CONVERSION = YES;
				CLANG_WARN_OBJC_ROOT_CLASS = YES_ERROR;
				CLANG_WARN_RANGE_LOOP_ANALYSIS = YES;
				CLANG_WARN_STRICT_PROTOTYPES = YES;
				CLANG_WARN_SUSPICIOUS_MOVE = YES;
				CLANG_WARN_UNGUARDED_AVAILABILITY = YES_AGGRESSIVE;
				CLANG_WARN_UNREACHABLE_CODE = YES;
				CLANG_WARN__DUPLICATE_METHOD_MATCH = YES;
				CODE_SIGN_IDENTITY = "iPhone Developer";
				COPY_PHASE_STRIP = NO;
				DEBUG_INFORMATION_FORMAT = dwarf;
				ENABLE_STRICT_OBJC_MSGSEND = YES;
				ENABLE_TESTABILITY = YES;
				GCC_C_LANGUAGE_STANDARD = gnu11;
				GCC_DYNAMIC_NO_PIC = NO;
				GCC_NO_COMMON_BLOCKS = YES;
				GCC_OPTIMIZATION_LEVEL = 0;
				GCC_PREPROCESSOR_DEFINITIONS = (
					"DEBUG=1",
					"$(inherited)",
				);
				GCC_WARN_64_TO_32_BIT_CONVERSION = YES;
				GCC_WARN_ABOUT_RETURN_TYPE = YES_ERROR;
				GCC_WARN_UNDECLARED_SELECTOR = YES;
				GCC_WARN_UNINITIALIZED_AUTOS = YES_AGGRESSIVE;
				GCC_WARN_UNUSED_FUNCTION = YES;
				GCC_WARN_UNUSED_VARIABLE = YES;
				IPHONEOS_DEPLOYMENT_TARGET = 12.1;
				MTL_ENABLE_DEBUG_INFO = INCLUDE_SOURCE;
				MTL_FAST_MATH = YES;
				ONLY_ACTIVE_ARCH = YES;
				SDKROOT = iphoneos;
				SWIFT_ACTIVE_COMPILATION_CONDITIONS = DEBUG;
				SWIFT_OPTIMIZATION_LEVEL = "-Onone";
			};
			name = Debug;
		};
		385A784B234FC8FB004A87E5 /* Release */ = {
			isa = XCBuildConfiguration;
			buildSettings = {
				ALWAYS_SEARCH_USER_PATHS = NO;
				CLANG_ANALYZER_NONNULL = YES;
				CLANG_ANALYZER_NUMBER_OBJECT_CONVERSION = YES_AGGRESSIVE;
				CLANG_CXX_LANGUAGE_STANDARD = "gnu++14";
				CLANG_CXX_LIBRARY = "libc++";
				CLANG_ENABLE_MODULES = YES;
				CLANG_ENABLE_OBJC_ARC = YES;
				CLANG_ENABLE_OBJC_WEAK = YES;
				CLANG_WARN_BLOCK_CAPTURE_AUTORELEASING = YES;
				CLANG_WARN_BOOL_CONVERSION = YES;
				CLANG_WARN_COMMA = YES;
				CLANG_WARN_CONSTANT_CONVERSION = YES;
				CLANG_WARN_DEPRECATED_OBJC_IMPLEMENTATIONS = YES;
				CLANG_WARN_DIRECT_OBJC_ISA_USAGE = YES_ERROR;
				CLANG_WARN_DOCUMENTATION_COMMENTS = YES;
				CLANG_WARN_EMPTY_BODY = YES;
				CLANG_WARN_ENUM_CONVERSION = YES;
				CLANG_WARN_INFINITE_RECURSION = YES;
				CLANG_WARN_INT_CONVERSION = YES;
				CLANG_WARN_NON_LITERAL_NULL_CONVERSION = YES;
				CLANG_WARN_OBJC_IMPLICIT_RETAIN_SELF = YES;
				CLANG_WARN_OBJC_LITERAL_CONVERSION = YES;
				CLANG_WARN_OBJC_ROOT_CLASS = YES_ERROR;
				CLANG_WARN_RANGE_LOOP_ANALYSIS = YES;
				CLANG_WARN_STRICT_PROTOTYPES = YES;
				CLANG_WARN_SUSPICIOUS_MOVE = YES;
				CLANG_WARN_UNGUARDED_AVAILABILITY = YES_AGGRESSIVE;
				CLANG_WARN_UNREACHABLE_CODE = YES;
				CLANG_WARN__DUPLICATE_METHOD_MATCH = YES;
				CODE_SIGN_IDENTITY = "iPhone Developer";
				COPY_PHASE_STRIP = NO;
				DEBUG_INFORMATION_FORMAT = "dwarf-with-dsym";
				ENABLE_NS_ASSERTIONS = NO;
				ENABLE_STRICT_OBJC_MSGSEND = YES;
				GCC_C_LANGUAGE_STANDARD = gnu11;
				GCC_NO_COMMON_BLOCKS = YES;
				GCC_WARN_64_TO_32_BIT_CONVERSION = YES;
				GCC_WARN_ABOUT_RETURN_TYPE = YES_ERROR;
				GCC_WARN_UNDECLARED_SELECTOR = YES;
				GCC_WARN_UNINITIALIZED_AUTOS = YES_AGGRESSIVE;
				GCC_WARN_UNUSED_FUNCTION = YES;
				GCC_WARN_UNUSED_VARIABLE = YES;
				IPHONEOS_DEPLOYMENT_TARGET = 12.1;
				MTL_ENABLE_DEBUG_INFO = NO;
				MTL_FAST_MATH = YES;
				SDKROOT = iphoneos;
				SWIFT_COMPILATION_MODE = wholemodule;
				SWIFT_OPTIMIZATION_LEVEL = "-O";
				VALIDATE_PRODUCT = YES;
			};
			name = Release;
		};
		385A784D234FC8FB004A87E5 /* Debug */ = {
			isa = XCBuildConfiguration;
			buildSettings = {
				ASSETCATALOG_COMPILER_APPICON_NAME = AppIcon;
				CODE_SIGN_STYLE = Automatic;
				DEVELOPMENT_TEAM = KSV5RQ2S7L;
				INFOPLIST_FILE = CoreDataPractice/Info.plist;
				LD_RUNPATH_SEARCH_PATHS = (
					"$(inherited)",
					"@executable_path/Frameworks",
				);
				PRODUCT_BUNDLE_IDENTIFIER = zijia.CoreDataPractice;
				PRODUCT_NAME = "$(TARGET_NAME)";
				SWIFT_VERSION = 4.2;
				TARGETED_DEVICE_FAMILY = "1,2";
			};
			name = Debug;
		};
		385A784E234FC8FB004A87E5 /* Release */ = {
			isa = XCBuildConfiguration;
			buildSettings = {
				ASSETCATALOG_COMPILER_APPICON_NAME = AppIcon;
				CODE_SIGN_STYLE = Automatic;
				DEVELOPMENT_TEAM = KSV5RQ2S7L;
				INFOPLIST_FILE = CoreDataPractice/Info.plist;
				LD_RUNPATH_SEARCH_PATHS = (
					"$(inherited)",
					"@executable_path/Frameworks",
				);
				PRODUCT_BUNDLE_IDENTIFIER = zijia.CoreDataPractice;
				PRODUCT_NAME = "$(TARGET_NAME)";
				SWIFT_VERSION = 4.2;
				TARGETED_DEVICE_FAMILY = "1,2";
			};
			name = Release;
		};
		385A7850234FC8FB004A87E5 /* Debug */ = {
			isa = XCBuildConfiguration;
			buildSettings = {
				ALWAYS_EMBED_SWIFT_STANDARD_LIBRARIES = YES;
				BUNDLE_LOADER = "$(TEST_HOST)";
				CODE_SIGN_STYLE = Automatic;
				DEVELOPMENT_TEAM = KSV5RQ2S7L;
				INFOPLIST_FILE = CoreDataTests/Info.plist;
				LD_RUNPATH_SEARCH_PATHS = (
					"$(inherited)",
					"@executable_path/Frameworks",
					"@loader_path/Frameworks",
				);
				PRODUCT_BUNDLE_IDENTIFIER = zijia.CoreDataTests;
				PRODUCT_NAME = "$(TARGET_NAME)";
				SWIFT_VERSION = 4.2;
				TARGETED_DEVICE_FAMILY = "1,2";
				TEST_HOST = "$(BUILT_PRODUCTS_DIR)/CoreDataPractice.app/CoreDataPractice";
			};
			name = Debug;
		};
		385A7851234FC8FB004A87E5 /* Release */ = {
			isa = XCBuildConfiguration;
			buildSettings = {
				ALWAYS_EMBED_SWIFT_STANDARD_LIBRARIES = YES;
				BUNDLE_LOADER = "$(TEST_HOST)";
				CODE_SIGN_STYLE = Automatic;
				DEVELOPMENT_TEAM = KSV5RQ2S7L;
				INFOPLIST_FILE = CoreDataTests/Info.plist;
				LD_RUNPATH_SEARCH_PATHS = (
					"$(inherited)",
					"@executable_path/Frameworks",
					"@loader_path/Frameworks",
				);
				PRODUCT_BUNDLE_IDENTIFIER = zijia.CoreDataTests;
				PRODUCT_NAME = "$(TARGET_NAME)";
				SWIFT_VERSION = 4.2;
				TARGETED_DEVICE_FAMILY = "1,2";
				TEST_HOST = "$(BUILT_PRODUCTS_DIR)/CoreDataPractice.app/CoreDataPractice";
			};
			name = Release;
		};
		385A7853234FC8FB004A87E5 /* Debug */ = {
			isa = XCBuildConfiguration;
			buildSettings = {
				ALWAYS_EMBED_SWIFT_STANDARD_LIBRARIES = YES;
				CODE_SIGN_STYLE = Automatic;
				DEVELOPMENT_TEAM = KSV5RQ2S7L;
				INFOPLIST_FILE = CoreDataUITests/Info.plist;
				LD_RUNPATH_SEARCH_PATHS = (
					"$(inherited)",
					"@executable_path/Frameworks",
					"@loader_path/Frameworks",
				);
				PRODUCT_BUNDLE_IDENTIFIER = zijia.CoreDataUITests;
				PRODUCT_NAME = "$(TARGET_NAME)";
				SWIFT_VERSION = 4.2;
				TARGETED_DEVICE_FAMILY = "1,2";
				TEST_TARGET_NAME = CoreData;
			};
			name = Debug;
		};
		385A7854234FC8FB004A87E5 /* Release */ = {
			isa = XCBuildConfiguration;
			buildSettings = {
				ALWAYS_EMBED_SWIFT_STANDARD_LIBRARIES = YES;
				CODE_SIGN_STYLE = Automatic;
				DEVELOPMENT_TEAM = KSV5RQ2S7L;
				INFOPLIST_FILE = CoreDataUITests/Info.plist;
				LD_RUNPATH_SEARCH_PATHS = (
					"$(inherited)",
					"@executable_path/Frameworks",
					"@loader_path/Frameworks",
				);
				PRODUCT_BUNDLE_IDENTIFIER = zijia.CoreDataUITests;
				PRODUCT_NAME = "$(TARGET_NAME)";
				SWIFT_VERSION = 4.2;
				TARGETED_DEVICE_FAMILY = "1,2";
				TEST_TARGET_NAME = CoreData;
			};
			name = Release;
		};
/* End XCBuildConfiguration section */

/* Begin XCConfigurationList section */
		385A781F234FC8FA004A87E5 /* Build configuration list for PBXProject "CoreDataPractice" */ = {
			isa = XCConfigurationList;
			buildConfigurations = (
				385A784A234FC8FB004A87E5 /* Debug */,
				385A784B234FC8FB004A87E5 /* Release */,
			);
			defaultConfigurationIsVisible = 0;
			defaultConfigurationName = Release;
		};
		385A784C234FC8FB004A87E5 /* Build configuration list for PBXNativeTarget "CoreDataPractice" */ = {
			isa = XCConfigurationList;
			buildConfigurations = (
				385A784D234FC8FB004A87E5 /* Debug */,
				385A784E234FC8FB004A87E5 /* Release */,
			);
			defaultConfigurationIsVisible = 0;
			defaultConfigurationName = Release;
		};
		385A784F234FC8FB004A87E5 /* Build configuration list for PBXNativeTarget "CoreDataPracticeTests" */ = {
			isa = XCConfigurationList;
			buildConfigurations = (
				385A7850234FC8FB004A87E5 /* Debug */,
				385A7851234FC8FB004A87E5 /* Release */,
			);
			defaultConfigurationIsVisible = 0;
			defaultConfigurationName = Release;
		};
		385A7852234FC8FB004A87E5 /* Build configuration list for PBXNativeTarget "CoreDataPracticeUITests" */ = {
			isa = XCConfigurationList;
			buildConfigurations = (
				385A7853234FC8FB004A87E5 /* Debug */,
				385A7854234FC8FB004A87E5 /* Release */,
			);
			defaultConfigurationIsVisible = 0;
			defaultConfigurationName = Release;
		};
/* End XCConfigurationList section */

/* Begin XCVersionGroup section */
		385A785E23500225004A87E5 /* CoreDataPracticeModel.xcdatamodeld */ = {
			isa = XCVersionGroup;
			children = (
				385A785F23500225004A87E5 /* CoreDataPracticeModel.xcdatamodel */,
			);
			currentVersion = 385A785F23500225004A87E5 /* CoreDataPracticeModel.xcdatamodel */;
			path = CoreDataPracticeModel.xcdatamodeld;
			sourceTree = "<group>";
			versionGroupType = wrapper.xcdatamodel;
		};
/* End XCVersionGroup section */
	};
	rootObject = 385A781C234FC8FA004A87E5 /* Project object */;
}
